
Microsoft Visual Studio Solution File, Format Version 12.00
# Visual Studio Version 17
VisualStudioVersion = 17.4.33213.308
MinimumVisualStudioVersion = 10.0.40219.1
Project("{FAE04EC0-301F-11D3-BF4B-00C04F79EFBC}") = "MatchGame", "MatchGame\MatchGame.csproj", "{A24151AD-B7CC-49E3-A6E9-B0685B258138}"
EndProject
Global
	GlobalSection(SolutionConfigurationPlatforms) = preSolution
		Debug|Any CPU = Debug|Any CPU
		Release|Any CPU = Release|Any CPU
	EndGlobalSection
	GlobalSection(ProjectConfigurationPlatforms) = postSolution
		{A24151AD-B7CC-49E3-A6E9-B0685B258138}.Debug|Any CPU.ActiveCfg = Debug|Any CPU
		{A24151AD-B7CC-49E3-A6E9-B0685B258138}.Debug|Any CPU.Build.0 = Debug|Any CPU
		{A24151AD-B7CC-49E3-A6E9-B0685B258138}.Release|Any CPU.ActiveCfg = Release|Any CPU
		{A24151AD-B7CC-49E3-A6E9-B0685B258138}.Release|Any CPU.Build.0 = Release|Any CPU
	EndGlobalSection
	GlobalSection(SolutionProperties) = preSolution
		HideSolutionNode = FALSE
	EndGlobalSection
	GlobalSection(ExtensibilityGlobals) = postSolution
		SolutionGuid = {F100AC5B-D43C-43A3-9948-31D2C68DAC7F}
	EndGlobalSection
EndGlobal
